
Microsoft Visual Studio Solution File, Format Version 12.00
# Visual Studio Version 16
VisualStudioVersion = 16.0.31105.61
MinimumVisualStudioVersion = 10.0.40219.1
Project("{FAE04EC0-301F-11D3-BF4B-00C04F79EFBC}") = "tttest", "tttest\tttest.csproj", "{4D1F9E43-BA5E-4194-97A0-DCAE8117EC34}"
EndProject
Global
	GlobalSection(SolutionConfigurationPlatforms) = preSolution
		Debug|Any CPU = Debug|Any CPU
		Release|Any CPU = Release|Any CPU
	EndGlobalSection
	GlobalSection(ProjectConfigurationPlatforms) = postSolution
		{4D1F9E43-BA5E-4194-97A0-DCAE8117EC34}.Debug|Any CPU.ActiveCfg = Debug|Any CPU
		{4D1F9E43-BA5E-4194-97A0-DCAE8117EC34}.Debug|Any CPU.Build.0 = Debug|Any CPU
		{4D1F9E43-BA5E-4194-97A0-DCAE8117EC34}.Release|Any CPU.ActiveCfg = Release|Any CPU
		{4D1F9E43-BA5E-4194-97A0-DCAE8117EC34}.Release|Any CPU.Build.0 = Release|Any CPU
	EndGlobalSection
	GlobalSection(SolutionProperties) = preSolution
		HideSolutionNode = FALSE
	EndGlobalSection
	GlobalSection(ExtensibilityGlobals) = postSolution
		SolutionGuid = {5B73C58C-F3AD-4CFE-BE31-896837C4A686}
	EndGlobalSection
EndGlobal
